
Microsoft Visual Studio Solution File, Format Version 12.00
# Visual Studio Version 17
VisualStudioVersion = 17.4.33213.308
MinimumVisualStudioVersion = 10.0.40219.1
Project("{FAE04EC0-301F-11D3-BF4B-00C04F79EFBC}") = "PracaDomowa", "PracaDomowa.csproj", "{524B8D76-3DC9-4901-94C9-D5180C7B6DA5}"
EndProject
Global
	GlobalSection(SolutionConfigurationPlatforms) = preSolution
		Debug|Any CPU = Debug|Any CPU
		Release|Any CPU = Release|Any CPU
	EndGlobalSection
	GlobalSection(ProjectConfigurationPlatforms) = postSolution
		{524B8D76-3DC9-4901-94C9-D5180C7B6DA5}.Debug|Any CPU.ActiveCfg = Debug|Any CPU
		{524B8D76-3DC9-4901-94C9-D5180C7B6DA5}.Debug|Any CPU.Build.0 = Debug|Any CPU
		{524B8D76-3DC9-4901-94C9-D5180C7B6DA5}.Release|Any CPU.ActiveCfg = Release|Any CPU
		{524B8D76-3DC9-4901-94C9-D5180C7B6DA5}.Release|Any CPU.Build.0 = Release|Any CPU
	EndGlobalSection
	GlobalSection(SolutionProperties) = preSolution
		HideSolutionNode = FALSE
	EndGlobalSection
	GlobalSection(ExtensibilityGlobals) = postSolution
		SolutionGuid = {9BA5DD02-35B8-4CAF-828C-B48511B9DCDC}
	EndGlobalSection
EndGlobal
